
Microsoft Visual Studio Solution File, Format Version 12.00
# Visual Studio Version 17
VisualStudioVersion = 17.2.32630.192
MinimumVisualStudioVersion = 10.0.40219.1
Project("{9A19103F-16F7-4668-BE54-9A1E7A4F7556}") = "R5T.S0046", "R5T.S0046\R5T.S0046.csproj", "{B46D8C5C-E17A-4563-85FC-5D489BC3AAD2}"
EndProject
Project("{2150E333-8FDC-42A3-9474-1A3956D46DE8}") = "_Dependencies", "_Dependencies", "{DF0F6F67-13E3-48A3-8650-6426211CC170}"
EndProject
Project("{9A19103F-16F7-4668-BE54-9A1E7A4F7556}") = "R5T.T0132", "..\..\R5T.T0132\source\R5T.T0132\R5T.T0132.csproj", "{BE958B09-CBA6-47DD-BB79-3CA223BCF9F0}"
EndProject
Project("{9A19103F-16F7-4668-BE54-9A1E7A4F7556}") = "R5T.F0018", "..\..\R5T.F0018\source\R5T.F0018\R5T.F0018.csproj", "{00AB89F7-0A6E-43AC-832A-17350ECF4DF7}"
EndProject
Project("{9A19103F-16F7-4668-BE54-9A1E7A4F7556}") = "R5T.T0131", "..\..\R5T.T0131\source\R5T.T0131\R5T.T0131.csproj", "{ACE7F3C4-788D-4477-AA47-A173CE0017EE}"
EndProject
Project("{9A19103F-16F7-4668-BE54-9A1E7A4F7556}") = "R5T.F0002", "..\..\R5T.F0002\source\R5T.F0002\R5T.F0002.csproj", "{24CCD91A-22C3-4D52-AFF7-A40DFA9BCACF}"
EndProject
Project("{9A19103F-16F7-4668-BE54-9A1E7A4F7556}") = "R5T.F0000", "..\..\R5T.F0000\source\R5T.F0000\R5T.F0000.csproj", "{8DCA269A-C073-4B93-A80C-DBFC51804174}"
EndProject
Project("{9A19103F-16F7-4668-BE54-9A1E7A4F7556}") = "R5T.T0143", "..\..\R5T.T0143\source\R5T.T0143\R5T.T0143.csproj", "{890E2725-DD2F-43A1-A68F-72738CDAD649}"
EndProject
Project("{9A19103F-16F7-4668-BE54-9A1E7A4F7556}") = "R5T.T0142", "..\..\R5T.T0142\source\R5T.T0142\R5T.T0142.csproj", "{DCC1780C-8457-4E0F-9EA2-3F88F4C00198}"
EndProject
Project("{9A19103F-16F7-4668-BE54-9A1E7A4F7556}") = "R5T.Z0000", "..\..\R5T.Z0000\source\R5T.Z0000\R5T.Z0000.csproj", "{87EC1E07-9884-409A-BED0-D9555FA87C4B}"
EndProject
Project("{9A19103F-16F7-4668-BE54-9A1E7A4F7556}") = "R5T.Y0000", "..\..\R5T.Y0000\source\R5T.Y0000\R5T.Y0000.csproj", "{FDB2B1F9-4BE8-4FDA-8798-F5D47F225F2B}"
EndProject
Project("{9A19103F-16F7-4668-BE54-9A1E7A4F7556}") = "R5T.L0021", "..\..\R5T.L0021\source\R5T.L0021\R5T.L0021.csproj", "{2977F233-7A7E-44BA-B147-698F8DE0045C}"
EndProject
Project("{9A19103F-16F7-4668-BE54-9A1E7A4F7556}") = "R5T.Z0006", "..\..\R5T.Z0006\source\R5T.Z0006\R5T.Z0006.csproj", "{6DEA83D6-6057-4805-A231-A8D691836795}"
EndProject
Project("{9A19103F-16F7-4668-BE54-9A1E7A4F7556}") = "R5T.F0032", "..\..\R5T.F0032\source\R5T.F0032\R5T.F0032.csproj", "{78ACCFAB-C138-45B2-8ADC-77BD0903FDBB}"
EndProject
Project("{9A19103F-16F7-4668-BE54-9A1E7A4F7556}") = "R5T.F0040", "..\..\R5T.F0040\source\R5T.F0040\R5T.F0040.csproj", "{147DBD8D-EBD1-4D54-B016-15FE45B74A97}"
EndProject
Project("{9A19103F-16F7-4668-BE54-9A1E7A4F7556}") = "R5T.L0019", "..\..\R5T.L0019\source\R5T.L0019\R5T.L0019.csproj", "{03E5EB51-16DD-439D-9F03-AB2686188944}"
EndProject
Project("{9A19103F-16F7-4668-BE54-9A1E7A4F7556}") = "R5T.F0020", "..\..\R5T.F0020\source\R5T.F0020\R5T.F0020.csproj", "{4E14C472-6813-45EE-8EBC-2B58F8F48EA8}"
EndProject
Project("{9A19103F-16F7-4668-BE54-9A1E7A4F7556}") = "R5T.F0040.F000", "..\..\R5T.F0040\source\R5T.F0040.F000\R5T.F0040.F000.csproj", "{C256099F-D6B5-4689-AF6B-D0FFE5229A6F}"
EndProject
Project("{9A19103F-16F7-4668-BE54-9A1E7A4F7556}") = "R5T.Z0012", "..\..\R5T.Z0012\source\R5T.Z0012\R5T.Z0012.csproj", "{F3B61C92-B470-4200-B8A6-A80AA2D7A436}"
EndProject
Global
	GlobalSection(SolutionConfigurationPlatforms) = preSolution
		Debug|Any CPU = Debug|Any CPU
		Release|Any CPU = Release|Any CPU
	EndGlobalSection
	GlobalSection(ProjectConfigurationPlatforms) = postSolution
		{B46D8C5C-E17A-4563-85FC-5D489BC3AAD2}.Debug|Any CPU.ActiveCfg = Debug|Any CPU
		{B46D8C5C-E17A-4563-85FC-5D489BC3AAD2}.Debug|Any CPU.Build.0 = Debug|Any CPU
		{B46D8C5C-E17A-4563-85FC-5D489BC3AAD2}.Release|Any CPU.ActiveCfg = Release|Any CPU
		{B46D8C5C-E17A-4563-85FC-5D489BC3AAD2}.Release|Any CPU.Build.0 = Release|Any CPU
		{BE958B09-CBA6-47DD-BB79-3CA223BCF9F0}.Debug|Any CPU.ActiveCfg = Debug|Any CPU
		{BE958B09-CBA6-47DD-BB79-3CA223BCF9F0}.Debug|Any CPU.Build.0 = Debug|Any CPU
		{BE958B09-CBA6-47DD-BB79-3CA223BCF9F0}.Release|Any CPU.ActiveCfg = Release|Any CPU
		{BE958B09-CBA6-47DD-BB79-3CA223BCF9F0}.Release|Any CPU.Build.0 = Release|Any CPU
		{00AB89F7-0A6E-43AC-832A-17350ECF4DF7}.Debug|Any CPU.ActiveCfg = Debug|Any CPU
		{00AB89F7-0A6E-43AC-832A-17350ECF4DF7}.Debug|Any CPU.Build.0 = Debug|Any CPU
		{00AB89F7-0A6E-43AC-832A-17350ECF4DF7}.Release|Any CPU.ActiveCfg = Release|Any CPU
		{00AB89F7-0A6E-43AC-832A-17350ECF4DF7}.Release|Any CPU.Build.0 = Release|Any CPU
		{ACE7F3C4-788D-4477-AA47-A173CE0017EE}.Debug|Any CPU.ActiveCfg = Debug|Any CPU
		{ACE7F3C4-788D-4477-AA47-A173CE0017EE}.Debug|Any CPU.Build.0 = Debug|Any CPU
		{ACE7F3C4-788D-4477-AA47-A173CE0017EE}.Release|Any CPU.ActiveCfg = Release|Any CPU
		{ACE7F3C4-788D-4477-AA47-A173CE0017EE}.Release|Any CPU.Build.0 = Release|Any CPU
		{24CCD91A-22C3-4D52-AFF7-A40DFA9BCACF}.Debug|Any CPU.ActiveCfg = Debug|Any CPU
		{24CCD91A-22C3-4D52-AFF7-A40DFA9BCACF}.Debug|Any CPU.Build.0 = Debug|Any CPU
		{24CCD91A-22C3-4D52-AFF7-A40DFA9BCACF}.Release|Any CPU.ActiveCfg = Release|Any CPU
		{24CCD91A-22C3-4D52-AFF7-A40DFA9BCACF}.Release|Any CPU.Build.0 = Release|Any CPU
		{8DCA269A-C073-4B93-A80C-DBFC51804174}.Debug|Any CPU.ActiveCfg = Debug|Any CPU
		{8DCA269A-C073-4B93-A80C-DBFC51804174}.Debug|Any CPU.Build.0 = Debug|Any CPU
		{8DCA269A-C073-4B93-A80C-DBFC51804174}.Release|Any CPU.ActiveCfg = Release|Any CPU
		{8DCA269A-C073-4B93-A80C-DBFC51804174}.Release|Any CPU.Build.0 = Release|Any CPU
		{890E2725-DD2F-43A1-A68F-72738CDAD649}.Debug|Any CPU.ActiveCfg = Debug|Any CPU
		{890E2725-DD2F-43A1-A68F-72738CDAD649}.Debug|Any CPU.Build.0 = Debug|Any CPU
		{890E2725-DD2F-43A1-A68F-72738CDAD649}.Release|Any CPU.ActiveCfg = Release|Any CPU
		{890E2725-DD2F-43A1-A68F-72738CDAD649}.Release|Any CPU.Build.0 = Release|Any CPU
		{DCC1780C-8457-4E0F-9EA2-3F88F4C00198}.Debug|Any CPU.ActiveCfg = Debug|Any CPU
		{DCC1780C-8457-4E0F-9EA2-3F88F4C00198}.Debug|Any CPU.Build.0 = Debug|Any CPU
		{DCC1780C-8457-4E0F-9EA2-3F88F4C00198}.Release|Any CPU.ActiveCfg = Release|Any CPU
		{DCC1780C-8457-4E0F-9EA2-3F88F4C00198}.Release|Any CPU.Build.0 = Release|Any CPU
		{87EC1E07-9884-409A-BED0-D9555FA87C4B}.Debug|Any CPU.ActiveCfg = Debug|Any CPU
		{87EC1E07-9884-409A-BED0-D9555FA87C4B}.Debug|Any CPU.Build.0 = Debug|Any CPU
		{87EC1E07-9884-409A-BED0-D9555FA87C4B}.Release|Any CPU.ActiveCfg = Release|Any CPU
		{87EC1E07-9884-409A-BED0-D9555FA87C4B}.Release|Any CPU.Build.0 = Release|Any CPU
		{FDB2B1F9-4BE8-4FDA-8798-F5D47F225F2B}.Debug|Any CPU.ActiveCfg = Debug|Any CPU
		{FDB2B1F9-4BE8-4FDA-8798-F5D47F225F2B}.Debug|Any CPU.Build.0 = Debug|Any CPU
		{FDB2B1F9-4BE8-4FDA-8798-F5D47F225F2B}.Release|Any CPU.ActiveCfg = Release|Any CPU
		{FDB2B1F9-4BE8-4FDA-8798-F5D47F225F2B}.Release|Any CPU.Build.0 = Release|Any CPU
		{2977F233-7A7E-44BA-B147-698F8DE0045C}.Debug|Any CPU.ActiveCfg = Debug|Any CPU
		{2977F233-7A7E-44BA-B147-698F8DE0045C}.Debug|Any CPU.Build.0 = Debug|Any CPU
		{2977F233-7A7E-44BA-B147-698F8DE0045C}.Release|Any CPU.ActiveCfg = Release|Any CPU
		{2977F233-7A7E-44BA-B147-698F8DE0045C}.Release|Any CPU.Build.0 = Release|Any CPU
		{6DEA83D6-6057-4805-A231-A8D691836795}.Debug|Any CPU.ActiveCfg = Debug|Any CPU
		{6DEA83D6-6057-4805-A231-A8D691836795}.Debug|Any CPU.Build.0 = Debug|Any CPU
		{6DEA83D6-6057-4805-A231-A8D691836795}.Release|Any CPU.ActiveCfg = Release|Any CPU
		{6DEA83D6-6057-4805-A231-A8D691836795}.Release|Any CPU.Build.0 = Release|Any CPU
		{78ACCFAB-C138-45B2-8ADC-77BD0903FDBB}.Debug|Any CPU.ActiveCfg = Debug|Any CPU
		{78ACCFAB-C138-45B2-8ADC-77BD0903FDBB}.Debug|Any CPU.Build.0 = Debug|Any CPU
		{78ACCFAB-C138-45B2-8ADC-77BD0903FDBB}.Release|Any CPU.ActiveCfg = Release|Any CPU
		{78ACCFAB-C138-45B2-8ADC-77BD0903FDBB}.Release|Any CPU.Build.0 = Release|Any CPU
		{147DBD8D-EBD1-4D54-B016-15FE45B74A97}.Debug|Any CPU.ActiveCfg = Debug|Any CPU
		{147DBD8D-EBD1-4D54-B016-15FE45B74A97}.Debug|Any CPU.Build.0 = Debug|Any CPU
		{147DBD8D-EBD1-4D54-B016-15FE45B74A97}.Release|Any CPU.ActiveCfg = Release|Any CPU
		{147DBD8D-EBD1-4D54-B016-15FE45B74A97}.Release|Any CPU.Build.0 = Release|Any CPU
		{03E5EB51-16DD-439D-9F03-AB2686188944}.Debug|Any CPU.ActiveCfg = Debug|Any CPU
		{03E5EB51-16DD-439D-9F03-AB2686188944}.Debug|Any CPU.Build.0 = Debug|Any CPU
		{03E5EB51-16DD-439D-9F03-AB2686188944}.Release|Any CPU.ActiveCfg = Release|Any CPU
		{03E5EB51-16DD-439D-9F03-AB2686188944}.Release|Any CPU.Build.0 = Release|Any CPU
		{4E14C472-6813-45EE-8EBC-2B58F8F48EA8}.Debug|Any CPU.ActiveCfg = Debug|Any CPU
		{4E14C472-6813-45EE-8EBC-2B58F8F48EA8}.Debug|Any CPU.Build.0 = Debug|Any CPU
		{4E14C472-6813-45EE-8EBC-2B58F8F48EA8}.Release|Any CPU.ActiveCfg = Release|Any CPU
		{4E14C472-6813-45EE-8EBC-2B58F8F48EA8}.Release|Any CPU.Build.0 = Release|Any CPU
		{C256099F-D6B5-4689-AF6B-D0FFE5229A6F}.Debug|Any CPU.ActiveCfg = Debug|Any CPU
		{C256099F-D6B5-4689-AF6B-D0FFE5229A6F}.Debug|Any CPU.Build.0 = Debug|Any CPU
		{C256099F-D6B5-4689-AF6B-D0FFE5229A6F}.Release|Any CPU.ActiveCfg = Release|Any CPU
		{C256099F-D6B5-4689-AF6B-D0FFE5229A6F}.Release|Any CPU.Build.0 = Release|Any CPU
		{F3B61C92-B470-4200-B8A6-A80AA2D7A436}.Debug|Any CPU.ActiveCfg = Debug|Any CPU
		{F3B61C92-B470-4200-B8A6-A80AA2D7A436}.Debug|Any CPU.Build.0 = Debug|Any CPU
		{F3B61C92-B470-4200-B8A6-A80AA2D7A436}.Release|Any CPU.ActiveCfg = Release|Any CPU
		{F3B61C92-B470-4200-B8A6-A80AA2D7A436}.Release|Any CPU.Build.0 = Release|Any CPU
	EndGlobalSection
	GlobalSection(SolutionProperties) = preSolution
		HideSolutionNode = FALSE
	EndGlobalSection
	GlobalSection(NestedProjects) = preSolution
		{BE958B09-CBA6-47DD-BB79-3CA223BCF9F0} = {DF0F6F67-13E3-48A3-8650-6426211CC170}
		{00AB89F7-0A6E-43AC-832A-17350ECF4DF7} = {DF0F6F67-13E3-48A3-8650-6426211CC170}
		{ACE7F3C4-788D-4477-AA47-A173CE0017EE} = {DF0F6F67-13E3-48A3-8650-6426211CC170}
		{24CCD91A-22C3-4D52-AFF7-A40DFA9BCACF} = {DF0F6F67-13E3-48A3-8650-6426211CC170}
		{8DCA269A-C073-4B93-A80C-DBFC51804174} = {DF0F6F67-13E3-48A3-8650-6426211CC170}
		{890E2725-DD2F-43A1-A68F-72738CDAD649} = {DF0F6F67-13E3-48A3-8650-6426211CC170}
		{DCC1780C-8457-4E0F-9EA2-3F88F4C00198} = {DF0F6F67-13E3-48A3-8650-6426211CC170}
		{87EC1E07-9884-409A-BED0-D9555FA87C4B} = {DF0F6F67-13E3-48A3-8650-6426211CC170}
		{FDB2B1F9-4BE8-4FDA-8798-F5D47F225F2B} = {DF0F6F67-13E3-48A3-8650-6426211CC170}
		{2977F233-7A7E-44BA-B147-698F8DE0045C} = {DF0F6F67-13E3-48A3-8650-6426211CC170}
		{6DEA83D6-6057-4805-A231-A8D691836795} = {DF0F6F67-13E3-48A3-8650-6426211CC170}
		{78ACCFAB-C138-45B2-8ADC-77BD0903FDBB} = {DF0F6F67-13E3-48A3-8650-6426211CC170}
		{147DBD8D-EBD1-4D54-B016-15FE45B74A97} = {DF0F6F67-13E3-48A3-8650-6426211CC170}
		{03E5EB51-16DD-439D-9F03-AB2686188944} = {DF0F6F67-13E3-48A3-8650-6426211CC170}
		{4E14C472-6813-45EE-8EBC-2B58F8F48EA8} = {DF0F6F67-13E3-48A3-8650-6426211CC170}
		{C256099F-D6B5-4689-AF6B-D0FFE5229A6F} = {DF0F6F67-13E3-48A3-8650-6426211CC170}
		{F3B61C92-B470-4200-B8A6-A80AA2D7A436} = {DF0F6F67-13E3-48A3-8650-6426211CC170}
	EndGlobalSection
	GlobalSection(ExtensibilityGlobals) = postSolution
		SolutionGuid = {5E8E0CE7-A7DB-4BB5-B571-69FB37FFDD6A}
	EndGlobalSection
EndGlobal
