
Microsoft Visual Studio Solution File, Format Version 12.00
# Visual Studio Version 17
VisualStudioVersion = 17.2.32630.192
MinimumVisualStudioVersion = 10.0.40219.1
Project("{9A19103F-16F7-4668-BE54-9A1E7A4F7556}") = "R5T.S0046", "R5T.S0046\R5T.S0046.csproj", "{B46D8C5C-E17A-4563-85FC-5D489BC3AAD2}"
EndProject
Global
	GlobalSection(SolutionConfigurationPlatforms) = preSolution
		Debug|Any CPU = Debug|Any CPU
		Release|Any CPU = Release|Any CPU
	EndGlobalSection
	GlobalSection(ProjectConfigurationPlatforms) = postSolution
		{B46D8C5C-E17A-4563-85FC-5D489BC3AAD2}.Debug|Any CPU.ActiveCfg = Debug|Any CPU
		{B46D8C5C-E17A-4563-85FC-5D489BC3AAD2}.Debug|Any CPU.Build.0 = Debug|Any CPU
		{B46D8C5C-E17A-4563-85FC-5D489BC3AAD2}.Release|Any CPU.ActiveCfg = Release|Any CPU
		{B46D8C5C-E17A-4563-85FC-5D489BC3AAD2}.Release|Any CPU.Build.0 = Release|Any CPU
	EndGlobalSection
	GlobalSection(SolutionProperties) = preSolution
		HideSolutionNode = FALSE
	EndGlobalSection
	GlobalSection(ExtensibilityGlobals) = postSolution
		SolutionGuid = {5E8E0CE7-A7DB-4BB5-B571-69FB37FFDD6A}
	EndGlobalSection
EndGlobal
